
Microsoft Visual Studio Solution File, Format Version 12.00
# Visual Studio 15
VisualStudioVersion = 15.0.28010.2036
MinimumVisualStudioVersion = 10.0.40219.1
Project("{FAE04EC0-301F-11D3-BF4B-00C04F79EFBC}") = "Ch20-P2-DriveInfoApp", "Ch20-P2-DriveInfoApp\Ch20-P2-DriveInfoApp.csproj", "{3BF0FD44-33EE-4942-AB6E-A774C28AB1FA}"
EndProject
Global
	GlobalSection(SolutionConfigurationPlatforms) = preSolution
		Debug|Any CPU = Debug|Any CPU
		Release|Any CPU = Release|Any CPU
	EndGlobalSection
	GlobalSection(ProjectConfigurationPlatforms) = postSolution
		{3BF0FD44-33EE-4942-AB6E-A774C28AB1FA}.Debug|Any CPU.ActiveCfg = Debug|Any CPU
		{3BF0FD44-33EE-4942-AB6E-A774C28AB1FA}.Debug|Any CPU.Build.0 = Debug|Any CPU
		{3BF0FD44-33EE-4942-AB6E-A774C28AB1FA}.Release|Any CPU.ActiveCfg = Release|Any CPU
		{3BF0FD44-33EE-4942-AB6E-A774C28AB1FA}.Release|Any CPU.Build.0 = Release|Any CPU
	EndGlobalSection
	GlobalSection(SolutionProperties) = preSolution
		HideSolutionNode = FALSE
	EndGlobalSection
	GlobalSection(ExtensibilityGlobals) = postSolution
		SolutionGuid = {1F741E19-0BD2-42F0-AC79-E51B6143B09F}
	EndGlobalSection
EndGlobal
